
Microsoft Visual Studio Solution File, Format Version 11.00
# Visual Studio 2010
Project("{FAE04EC0-301F-11D3-BF4B-00C04F79EFBC}") = "MetroNFP", "MetroNFP\MetroNFP.csproj", "{D7B75F48-6755-4D29-BCB5-E7E1303B2277}"
EndProject
Global
	GlobalSection(SolutionConfigurationPlatforms) = preSolution
		Debug|x86 = Debug|x86
		Release|x86 = Release|x86
	EndGlobalSection
	GlobalSection(ProjectConfigurationPlatforms) = postSolution
		{D7B75F48-6755-4D29-BCB5-E7E1303B2277}.Debug|x86.ActiveCfg = Debug|x86
		{D7B75F48-6755-4D29-BCB5-E7E1303B2277}.Debug|x86.Build.0 = Debug|x86
		{D7B75F48-6755-4D29-BCB5-E7E1303B2277}.Release|x86.ActiveCfg = Release|x86
		{D7B75F48-6755-4D29-BCB5-E7E1303B2277}.Release|x86.Build.0 = Release|x86
	EndGlobalSection
	GlobalSection(SolutionProperties) = preSolution
		HideSolutionNode = FALSE
	EndGlobalSection
EndGlobal
